
Microsoft Visual Studio Solution File, Format Version 12.00
# Visual Studio Version 16
VisualStudioVersion = 16.0.29009.5
MinimumVisualStudioVersion = 10.0.40219.1
Project("{9A19103F-16F7-4668-BE54-9A1E7A4F7556}") = "Shop_T", "Web\Shop_T.csproj", "{D936DFE5-C9CA-412D-80EB-EB9AD8EC7B6D}"
EndProject
Project("{9A19103F-16F7-4668-BE54-9A1E7A4F7556}") = "Shop_T.Data", "Data\Shop_T.Data\Shop_T.Data.csproj", "{2D5D552F-EF06-48DD-BD04-932B21EF6392}"
EndProject
Project("{FAE04EC0-301F-11D3-BF4B-00C04F79EFBC}") = "Shop_T.Data.Models", "Data\Shop_T.Data.Models\Shop_T.Data.Models.csproj", "{FCA57518-55C5-4ECF-B893-2BD641607436}"
EndProject
Global
	GlobalSection(SolutionConfigurationPlatforms) = preSolution
		Debug|Any CPU = Debug|Any CPU
		Release|Any CPU = Release|Any CPU
	EndGlobalSection
	GlobalSection(ProjectConfigurationPlatforms) = postSolution
		{D936DFE5-C9CA-412D-80EB-EB9AD8EC7B6D}.Debug|Any CPU.ActiveCfg = Debug|Any CPU
		{D936DFE5-C9CA-412D-80EB-EB9AD8EC7B6D}.Debug|Any CPU.Build.0 = Debug|Any CPU
		{D936DFE5-C9CA-412D-80EB-EB9AD8EC7B6D}.Release|Any CPU.ActiveCfg = Release|Any CPU
		{D936DFE5-C9CA-412D-80EB-EB9AD8EC7B6D}.Release|Any CPU.Build.0 = Release|Any CPU
		{2D5D552F-EF06-48DD-BD04-932B21EF6392}.Debug|Any CPU.ActiveCfg = Debug|Any CPU
		{2D5D552F-EF06-48DD-BD04-932B21EF6392}.Debug|Any CPU.Build.0 = Debug|Any CPU
		{2D5D552F-EF06-48DD-BD04-932B21EF6392}.Release|Any CPU.ActiveCfg = Release|Any CPU
		{2D5D552F-EF06-48DD-BD04-932B21EF6392}.Release|Any CPU.Build.0 = Release|Any CPU
		{FCA57518-55C5-4ECF-B893-2BD641607436}.Debug|Any CPU.ActiveCfg = Debug|Any CPU
		{FCA57518-55C5-4ECF-B893-2BD641607436}.Debug|Any CPU.Build.0 = Debug|Any CPU
		{FCA57518-55C5-4ECF-B893-2BD641607436}.Release|Any CPU.ActiveCfg = Release|Any CPU
		{FCA57518-55C5-4ECF-B893-2BD641607436}.Release|Any CPU.Build.0 = Release|Any CPU
	EndGlobalSection
	GlobalSection(SolutionProperties) = preSolution
		HideSolutionNode = FALSE
	EndGlobalSection
	GlobalSection(ExtensibilityGlobals) = postSolution
		SolutionGuid = {B960391A-65F5-4222-988A-08F6EF06E83D}
	EndGlobalSection
EndGlobal
